
Microsoft Visual Studio Solution File, Format Version 12.00
# Visual Studio Version 17
VisualStudioVersion = 17.2.32602.215
MinimumVisualStudioVersion = 10.0.40219.1
Project("{FAE04EC0-301F-11D3-BF4B-00C04F79EFBC}") = "PMT03.Android", "PMT03\PMT03.Android\PMT03.Android.csproj", "{FF58ACCE-6532-4732-8920-671DCE25CC59}"
EndProject
Project("{FAE04EC0-301F-11D3-BF4B-00C04F79EFBC}") = "PMT03", "PMT03\PMT03\PMT03.csproj", "{A1BE8D70-1A32-49AD-9039-7820E5189E0D}"
EndProject
Global
	GlobalSection(SolutionConfigurationPlatforms) = preSolution
		Debug|Any CPU = Debug|Any CPU
		Release|Any CPU = Release|Any CPU
	EndGlobalSection
	GlobalSection(ProjectConfigurationPlatforms) = postSolution
		{FF58ACCE-6532-4732-8920-671DCE25CC59}.Debug|Any CPU.ActiveCfg = Debug|Any CPU
		{FF58ACCE-6532-4732-8920-671DCE25CC59}.Debug|Any CPU.Build.0 = Debug|Any CPU
		{FF58ACCE-6532-4732-8920-671DCE25CC59}.Debug|Any CPU.Deploy.0 = Debug|Any CPU
		{FF58ACCE-6532-4732-8920-671DCE25CC59}.Release|Any CPU.ActiveCfg = Release|Any CPU
		{FF58ACCE-6532-4732-8920-671DCE25CC59}.Release|Any CPU.Build.0 = Release|Any CPU
		{FF58ACCE-6532-4732-8920-671DCE25CC59}.Release|Any CPU.Deploy.0 = Release|Any CPU
		{A1BE8D70-1A32-49AD-9039-7820E5189E0D}.Debug|Any CPU.ActiveCfg = Debug|Any CPU
		{A1BE8D70-1A32-49AD-9039-7820E5189E0D}.Debug|Any CPU.Build.0 = Debug|Any CPU
		{A1BE8D70-1A32-49AD-9039-7820E5189E0D}.Debug|Any CPU.Deploy.0 = Debug|Any CPU
		{A1BE8D70-1A32-49AD-9039-7820E5189E0D}.Release|Any CPU.ActiveCfg = Release|Any CPU
		{A1BE8D70-1A32-49AD-9039-7820E5189E0D}.Release|Any CPU.Build.0 = Release|Any CPU
		{A1BE8D70-1A32-49AD-9039-7820E5189E0D}.Release|Any CPU.Deploy.0 = Release|Any CPU
	EndGlobalSection
	GlobalSection(SolutionProperties) = preSolution
		HideSolutionNode = FALSE
	EndGlobalSection
	GlobalSection(ExtensibilityGlobals) = postSolution
		SolutionGuid = {D2D03212-DFB1-4002-83CD-042E6697295E}
	EndGlobalSection
EndGlobal
